
Microsoft Visual Studio Solution File, Format Version 12.00
# Visual Studio Version 17
VisualStudioVersion = 17.13.35825.156 d17.13
MinimumVisualStudioVersion = 10.0.40219.1
Project("{FAE04EC0-301F-11D3-BF4B-00C04F79EFBC}") = "MobileRequestsService", "MobileRequestsService\MobileRequestsService.csproj", "{73211FBB-D0B2-4BEC-A28C-6D9622A9DB0B}"
EndProject
Global
	GlobalSection(SolutionConfigurationPlatforms) = preSolution
		Debug|Any CPU = Debug|Any CPU
		Release|Any CPU = Release|Any CPU
	EndGlobalSection
	GlobalSection(ProjectConfigurationPlatforms) = postSolution
		{73211FBB-D0B2-4BEC-A28C-6D9622A9DB0B}.Debug|Any CPU.ActiveCfg = Debug|Any CPU
		{73211FBB-D0B2-4BEC-A28C-6D9622A9DB0B}.Debug|Any CPU.Build.0 = Debug|Any CPU
		{73211FBB-D0B2-4BEC-A28C-6D9622A9DB0B}.Debug|Any CPU.Deploy.0 = Debug|Any CPU
		{73211FBB-D0B2-4BEC-A28C-6D9622A9DB0B}.Release|Any CPU.ActiveCfg = Release|Any CPU
		{73211FBB-D0B2-4BEC-A28C-6D9622A9DB0B}.Release|Any CPU.Build.0 = Release|Any CPU
		{73211FBB-D0B2-4BEC-A28C-6D9622A9DB0B}.Release|Any CPU.Deploy.0 = Release|Any CPU
	EndGlobalSection
	GlobalSection(SolutionProperties) = preSolution
		HideSolutionNode = FALSE
	EndGlobalSection
	GlobalSection(ExtensibilityGlobals) = postSolution
		SolutionGuid = {E2D3D433-E219-43B5-8279-413597C0FCDF}
	EndGlobalSection
EndGlobal
